
Microsoft Visual Studio Solution File, Format Version 12.00
# Visual Studio Version 17
VisualStudioVersion = 17.4.33205.214
MinimumVisualStudioVersion = 10.0.40219.1
Project("{FAE04EC0-301F-11D3-BF4B-00C04F79EFBC}") = "UnitTestCases", "UnitTestCases\UnitTestCases.csproj", "{E1363AEE-D0BA-4D04-9A24-8B6AECEB2FA5}"
EndProject
Project("{FAE04EC0-301F-11D3-BF4B-00C04F79EFBC}") = "TestProj1", "TestProj1\TestProj1.csproj", "{A4B4D52C-A8C1-4F49-9C88-55777F361B99}"
EndProject
Project("{FAE04EC0-301F-11D3-BF4B-00C04F79EFBC}") = "TestProj2", "TestProj2\TestProj2.csproj", "{D9AB0DB8-01A8-4DAB-8C8D-CA7E98A7B383}"
EndProject
Global
	GlobalSection(SolutionConfigurationPlatforms) = preSolution
		Debug|Any CPU = Debug|Any CPU
		Release|Any CPU = Release|Any CPU
	EndGlobalSection
	GlobalSection(ProjectConfigurationPlatforms) = postSolution
		{E1363AEE-D0BA-4D04-9A24-8B6AECEB2FA5}.Debug|Any CPU.ActiveCfg = Debug|Any CPU
		{E1363AEE-D0BA-4D04-9A24-8B6AECEB2FA5}.Debug|Any CPU.Build.0 = Debug|Any CPU
		{E1363AEE-D0BA-4D04-9A24-8B6AECEB2FA5}.Release|Any CPU.ActiveCfg = Release|Any CPU
		{E1363AEE-D0BA-4D04-9A24-8B6AECEB2FA5}.Release|Any CPU.Build.0 = Release|Any CPU
		{A4B4D52C-A8C1-4F49-9C88-55777F361B99}.Debug|Any CPU.ActiveCfg = Debug|Any CPU
		{A4B4D52C-A8C1-4F49-9C88-55777F361B99}.Debug|Any CPU.Build.0 = Debug|Any CPU
		{A4B4D52C-A8C1-4F49-9C88-55777F361B99}.Release|Any CPU.ActiveCfg = Release|Any CPU
		{A4B4D52C-A8C1-4F49-9C88-55777F361B99}.Release|Any CPU.Build.0 = Release|Any CPU
		{D9AB0DB8-01A8-4DAB-8C8D-CA7E98A7B383}.Debug|Any CPU.ActiveCfg = Debug|Any CPU
		{D9AB0DB8-01A8-4DAB-8C8D-CA7E98A7B383}.Debug|Any CPU.Build.0 = Debug|Any CPU
		{D9AB0DB8-01A8-4DAB-8C8D-CA7E98A7B383}.Release|Any CPU.ActiveCfg = Release|Any CPU
		{D9AB0DB8-01A8-4DAB-8C8D-CA7E98A7B383}.Release|Any CPU.Build.0 = Release|Any CPU
	EndGlobalSection
	GlobalSection(SolutionProperties) = preSolution
		HideSolutionNode = FALSE
	EndGlobalSection
	GlobalSection(ExtensibilityGlobals) = postSolution
		SolutionGuid = {2A74BDE3-14ED-4DF4-9C6A-C2A65FFC88A2}
	EndGlobalSection
EndGlobal
